// !$*UTF8*$!
{
	archiveVersion = 1;
	classes = {
	};
	objectVersion = 46;
	objects = {

/* Begin PBXBuildFile section */
		204AA958190F74A0000A0D1F /* WordListCell.m in Sources */ = {isa = PBXBuildFile; fileRef = 204AA957190F74A0000A0D1F /* WordListCell.m */; };
		204AA95B190F74B6000A0D1F /* QuizVocabCell.m in Sources */ = {isa = PBXBuildFile; fileRef = 204AA95A190F74B6000A0D1F /* QuizVocabCell.m */; };
		204AA95E190F74CA000A0D1F /* QuizAnswerCell.m in Sources */ = {isa = PBXBuildFile; fileRef = 204AA95D190F74CA000A0D1F /* QuizAnswerCell.m */; };
		208222D71981E3D800FE13FC /* helpButton.png in Resources */ = {isa = PBXBuildFile; fileRef = 208222D61981E3D800FE13FC /* helpButton.png */; };
		209C38F618F1D13400DA6F78 /* SearchView.m in Sources */ = {isa = PBXBuildFile; fileRef = 209C38F518F1D13400DA6F78 /* SearchView.m */; };
		209C7A88192E9C1000C06E21 /* ConjugationWordViewCell.m in Sources */ = {isa = PBXBuildFile; fileRef = 209C7A87192E9C1000C06E21 /* ConjugationWordViewCell.m */; };
		209D625218EE661C00CA5EF0 /* Storyboard_iPad.storyboard in Resources */ = {isa = PBXBuildFile; fileRef = 209D625018EE661C00CA5EF0 /* Storyboard_iPad.storyboard */; };
		209D625318EE661C00CA5EF0 /* Storyboard_iPhone.storyboard in Resources */ = {isa = PBXBuildFile; fileRef = 209D625118EE661C00CA5EF0 /* Storyboard_iPhone.storyboard */; };
		20A2324B19299F01007819F4 /* SwitchController.m in Sources */ = {isa = PBXBuildFile; fileRef = 20A2324A19299F01007819F4 /* SwitchController.m */; };
		20D9E24D18EA705500127FBA /* Foundation.framework in Frameworks */ = {isa = PBXBuildFile; fileRef = 20D9E24C18EA705500127FBA /* Foundation.framework */; };
		20D9E24F18EA705500127FBA /* CoreGraphics.framework in Frameworks */ = {isa = PBXBuildFile; fileRef = 20D9E24E18EA705500127FBA /* CoreGraphics.framework */; };
		20D9E25118EA705500127FBA /* UIKit.framework in Frameworks */ = {isa = PBXBuildFile; fileRef = 20D9E25018EA705500127FBA /* UIKit.framework */; };
		20D9E25318EA705500127FBA /* CoreData.framework in Frameworks */ = {isa = PBXBuildFile; fileRef = 20D9E25218EA705500127FBA /* CoreData.framework */; };
		20D9E25918EA705500127FBA /* InfoPlist.strings in Resources */ = {isa = PBXBuildFile; fileRef = 20D9E25718EA705500127FBA /* InfoPlist.strings */; };
		20D9E25B18EA705500127FBA /* main.m in Sources */ = {isa = PBXBuildFile; fileRef = 20D9E25A18EA705500127FBA /* main.m */; };
		20D9E25F18EA705500127FBA /* AppDelegate.m in Sources */ = {isa = PBXBuildFile; fileRef = 20D9E25E18EA705500127FBA /* AppDelegate.m */; };
		20D9E26418EA705500127FBA /* Images.xcassets in Resources */ = {isa = PBXBuildFile; fileRef = 20D9E26318EA705500127FBA /* Images.xcassets */; };
		20D9E26B18EA705500127FBA /* XCTest.framework in Frameworks */ = {isa = PBXBuildFile; fileRef = 20D9E26A18EA705500127FBA /* XCTest.framework */; };
		20D9E26C18EA705500127FBA /* Foundation.framework in Frameworks */ = {isa = PBXBuildFile; fileRef = 20D9E24C18EA705500127FBA /* Foundation.framework */; };
		20D9E26D18EA705600127FBA /* UIKit.framework in Frameworks */ = {isa = PBXBuildFile; fileRef = 20D9E25018EA705500127FBA /* UIKit.framework */; };
		20D9E26E18EA705600127FBA /* CoreData.framework in Frameworks */ = {isa = PBXBuildFile; fileRef = 20D9E25218EA705500127FBA /* CoreData.framework */; };
		20D9E27618EA705600127FBA /* InfoPlist.strings in Resources */ = {isa = PBXBuildFile; fileRef = 20D9E27418EA705600127FBA /* InfoPlist.strings */; };
		20D9E27818EA705600127FBA /* Study_Espan_olTests.m in Sources */ = {isa = PBXBuildFile; fileRef = 20D9E27718EA705600127FBA /* Study_Espan_olTests.m */; };
		20D9E29B18EA729300127FBA /* Switch.m in Sources */ = {isa = PBXBuildFile; fileRef = 20D9E29A18EA729300127FBA /* Switch.m */; };
		20D9E2A118EA72BB00127FBA /* Button.m in Sources */ = {isa = PBXBuildFile; fileRef = 20D9E2A018EA72BB00127FBA /* Button.m */; };
		20D9E2AA18EA72EA00127FBA /* BaseView.m in Sources */ = {isa = PBXBuildFile; fileRef = 20D9E2A918EA72EA00127FBA /* BaseView.m */; };
		20D9E2AD18EA72FC00127FBA /* Utilities.m in Sources */ = {isa = PBXBuildFile; fileRef = 20D9E2AC18EA72FC00127FBA /* Utilities.m */; };
		20D9E2B018EA730800127FBA /* Database.m in Sources */ = {isa = PBXBuildFile; fileRef = 20D9E2AF18EA730800127FBA /* Database.m */; };
		20D9E2B618EA732100127FBA /* ConjugationView.m in Sources */ = {isa = PBXBuildFile; fileRef = 20D9E2B518EA732100127FBA /* ConjugationView.m */; };
		20D9E2B918EA733000127FBA /* ViewWord.m in Sources */ = {isa = PBXBuildFile; fileRef = 20D9E2B818EA733000127FBA /* ViewWord.m */; };
		20D9E2BC18EA734C00127FBA /* Words.xcdatamodeld in Sources */ = {isa = PBXBuildFile; fileRef = 20D9E2BA18EA734C00127FBA /* Words.xcdatamodeld */; };
		20D9E2C218EA76EF00127FBA /* Tag.m in Sources */ = {isa = PBXBuildFile; fileRef = 20D9E2C118EA76EF00127FBA /* Tag.m */; };
		20D9E2C518EA76EF00127FBA /* Conjugation.m in Sources */ = {isa = PBXBuildFile; fileRef = 20D9E2C418EA76EF00127FBA /* Conjugation.m */; };
		20D9E2C818EA76EF00127FBA /* Word.m in Sources */ = {isa = PBXBuildFile; fileRef = 20D9E2C718EA76EF00127FBA /* Word.m */; };
		20D9E2CB18EA771E00127FBA /* Home.m in Sources */ = {isa = PBXBuildFile; fileRef = 20D9E2CA18EA771E00127FBA /* Home.m */; };
		20D9E2CE18EA772F00127FBA /* AddEditView.m in Sources */ = {isa = PBXBuildFile; fileRef = 20D9E2CD18EA772F00127FBA /* AddEditView.m */; };
		20D9E2D118EA773A00127FBA /* WordList.m in Sources */ = {isa = PBXBuildFile; fileRef = 20D9E2D018EA773A00127FBA /* WordList.m */; };
		20D9E2D418EA774700127FBA /* QuizVocab.m in Sources */ = {isa = PBXBuildFile; fileRef = 20D9E2D318EA774700127FBA /* QuizVocab.m */; };
		20D9E2D718EA775100127FBA /* QuizConjugation.m in Sources */ = {isa = PBXBuildFile; fileRef = 20D9E2D618EA775100127FBA /* QuizConjugation.m */; };
		20D9E2DA18EA775E00127FBA /* QuizAnswer.m in Sources */ = {isa = PBXBuildFile; fileRef = 20D9E2D918EA775E00127FBA /* QuizAnswer.m */; };
		20D9E2DD18EA776A00127FBA /* FlashCards.m in Sources */ = {isa = PBXBuildFile; fileRef = 20D9E2DC18EA776A00127FBA /* FlashCards.m */; };
		20D9E2E018EA833200127FBA /* TextView.m in Sources */ = {isa = PBXBuildFile; fileRef = 20D9E2DF18EA833200127FBA /* TextView.m */; };
		20FE9505194291880019F28F /* WordSectionView.m in Sources */ = {isa = PBXBuildFile; fileRef = 20FE9504194291880019F28F /* WordSectionView.m */; };
		20FE950B194293770019F28F /* WordTagSectionView.m in Sources */ = {isa = PBXBuildFile; fileRef = 20FE950A194293770019F28F /* WordTagSectionView.m */; };
		20FE950E194293900019F28F /* ConjugationTypeSectionView.m in Sources */ = {isa = PBXBuildFile; fileRef = 20FE950D194293900019F28F /* ConjugationTypeSectionView.m */; };
		20FE9511194293A20019F28F /* VerbTypeSectionView.m in Sources */ = {isa = PBXBuildFile; fileRef = 20FE9510194293A20019F28F /* VerbTypeSectionView.m */; };
		20FE9514194293B20019F28F /* WordTypeSectionView.m in Sources */ = {isa = PBXBuildFile; fileRef = 20FE9513194293B20019F28F /* WordTypeSectionView.m */; };
		20FE951D1942967B0019F28F /* MiscSectionView.m in Sources */ = {isa = PBXBuildFile; fileRef = 20FE951C1942967B0019F28F /* MiscSectionView.m */; };
/* End PBXBuildFile section */

/* Begin PBXContainerItemProxy section */
		20D9E26F18EA705600127FBA /* PBXContainerItemProxy */ = {
			isa = PBXContainerItemProxy;
			containerPortal = 20D9E24118EA705500127FBA /* Project object */;
			proxyType = 1;
			remoteGlobalIDString = 20D9E24818EA705500127FBA;
			remoteInfo = "Study Español";
		};
/* End PBXContainerItemProxy section */

/* Begin PBXFileReference section */
		204AA956190F74A0000A0D1F /* WordListCell.h */ = {isa = PBXFileReference; fileEncoding = 4; lastKnownFileType = sourcecode.c.h; path = WordListCell.h; sourceTree = "<group>"; };
		204AA957190F74A0000A0D1F /* WordListCell.m */ = {isa = PBXFileReference; fileEncoding = 4; lastKnownFileType = sourcecode.c.objc; path = WordListCell.m; sourceTree = "<group>"; };
		204AA959190F74B6000A0D1F /* QuizVocabCell.h */ = {isa = PBXFileReference; fileEncoding = 4; lastKnownFileType = sourcecode.c.h; path = QuizVocabCell.h; sourceTree = "<group>"; };
		204AA95A190F74B6000A0D1F /* QuizVocabCell.m */ = {isa = PBXFileReference; fileEncoding = 4; lastKnownFileType = sourcecode.c.objc; path = QuizVocabCell.m; sourceTree = "<group>"; };
		204AA95C190F74CA000A0D1F /* QuizAnswerCell.h */ = {isa = PBXFileReference; fileEncoding = 4; lastKnownFileType = sourcecode.c.h; path = QuizAnswerCell.h; sourceTree = "<group>"; };
		204AA95D190F74CA000A0D1F /* QuizAnswerCell.m */ = {isa = PBXFileReference; fileEncoding = 4; lastKnownFileType = sourcecode.c.objc; path = QuizAnswerCell.m; sourceTree = "<group>"; };
		208222D61981E3D800FE13FC /* helpButton.png */ = {isa = PBXFileReference; lastKnownFileType = image.png; name = helpButton.png; path = ../../Content/helpButton.png; sourceTree = "<group>"; };
		209C38F418F1D13400DA6F78 /* SearchView.h */ = {isa = PBXFileReference; fileEncoding = 4; lastKnownFileType = sourcecode.c.h; path = SearchView.h; sourceTree = "<group>"; };
		209C38F518F1D13400DA6F78 /* SearchView.m */ = {isa = PBXFileReference; fileEncoding = 4; lastKnownFileType = sourcecode.c.objc; path = SearchView.m; sourceTree = "<group>"; };
		209C7A86192E9C1000C06E21 /* ConjugationWordViewCell.h */ = {isa = PBXFileReference; fileEncoding = 4; lastKnownFileType = sourcecode.c.h; path = ConjugationWordViewCell.h; sourceTree = "<group>"; };
		209C7A87192E9C1000C06E21 /* ConjugationWordViewCell.m */ = {isa = PBXFileReference; fileEncoding = 4; lastKnownFileType = sourcecode.c.objc; path = ConjugationWordViewCell.m; sourceTree = "<group>"; };
		209D625018EE661C00CA5EF0 /* Storyboard_iPad.storyboard */ = {isa = PBXFileReference; fileEncoding = 4; lastKnownFileType = file.storyboard; path = Storyboard_iPad.storyboard; sourceTree = "<group>"; };
		209D625118EE661C00CA5EF0 /* Storyboard_iPhone.storyboard */ = {isa = PBXFileReference; fileEncoding = 4; lastKnownFileType = file.storyboard; path = Storyboard_iPhone.storyboard; sourceTree = "<group>"; };
		20A2324919299F01007819F4 /* SwitchController.h */ = {isa = PBXFileReference; fileEncoding = 4; lastKnownFileType = sourcecode.c.h; path = SwitchController.h; sourceTree = "<group>"; };
		20A2324A19299F01007819F4 /* SwitchController.m */ = {isa = PBXFileReference; fileEncoding = 4; lastKnownFileType = sourcecode.c.objc; path = SwitchController.m; sourceTree = "<group>"; };
		20D9E24918EA705500127FBA /* Study Español.app */ = {isa = PBXFileReference; explicitFileType = wrapper.application; includeInIndex = 0; path = "Study Español.app"; sourceTree = BUILT_PRODUCTS_DIR; };
		20D9E24C18EA705500127FBA /* Foundation.framework */ = {isa = PBXFileReference; lastKnownFileType = wrapper.framework; name = Foundation.framework; path = System/Library/Frameworks/Foundation.framework; sourceTree = SDKROOT; };
		20D9E24E18EA705500127FBA /* CoreGraphics.framework */ = {isa = PBXFileReference; lastKnownFileType = wrapper.framework; name = CoreGraphics.framework; path = System/Library/Frameworks/CoreGraphics.framework; sourceTree = SDKROOT; };
		20D9E25018EA705500127FBA /* UIKit.framework */ = {isa = PBXFileReference; lastKnownFileType = wrapper.framework; name = UIKit.framework; path = System/Library/Frameworks/UIKit.framework; sourceTree = SDKROOT; };
		20D9E25218EA705500127FBA /* CoreData.framework */ = {isa = PBXFileReference; lastKnownFileType = wrapper.framework; name = CoreData.framework; path = System/Library/Frameworks/CoreData.framework; sourceTree = SDKROOT; };
		20D9E25618EA705500127FBA /* Study Español-Info.plist */ = {isa = PBXFileReference; lastKnownFileType = text.plist.xml; path = "Study Español-Info.plist"; sourceTree = "<group>"; };
		20D9E25818EA705500127FBA /* en */ = {isa = PBXFileReference; lastKnownFileType = text.plist.strings; name = en; path = en.lproj/InfoPlist.strings; sourceTree = "<group>"; };
		20D9E25A18EA705500127FBA /* main.m */ = {isa = PBXFileReference; lastKnownFileType = sourcecode.c.objc; path = main.m; sourceTree = "<group>"; };
		20D9E25C18EA705500127FBA /* Study Español-Prefix.pch */ = {isa = PBXFileReference; lastKnownFileType = sourcecode.c.h; path = "Study Español-Prefix.pch"; sourceTree = "<group>"; };
		20D9E25D18EA705500127FBA /* AppDelegate.h */ = {isa = PBXFileReference; lastKnownFileType = sourcecode.c.h; path = AppDelegate.h; sourceTree = "<group>"; };
		20D9E25E18EA705500127FBA /* AppDelegate.m */ = {isa = PBXFileReference; lastKnownFileType = sourcecode.c.objc; path = AppDelegate.m; sourceTree = "<group>"; };
		20D9E26318EA705500127FBA /* Images.xcassets */ = {isa = PBXFileReference; lastKnownFileType = folder.assetcatalog; path = Images.xcassets; sourceTree = "<group>"; };
		20D9E26918EA705500127FBA /* Study EspañolTests.xctest */ = {isa = PBXFileReference; explicitFileType = wrapper.cfbundle; includeInIndex = 0; path = "Study EspañolTests.xctest"; sourceTree = BUILT_PRODUCTS_DIR; };
		20D9E26A18EA705500127FBA /* XCTest.framework */ = {isa = PBXFileReference; lastKnownFileType = wrapper.framework; name = XCTest.framework; path = Library/Frameworks/XCTest.framework; sourceTree = DEVELOPER_DIR; };
		20D9E27318EA705600127FBA /* Study EspañolTests-Info.plist */ = {isa = PBXFileReference; lastKnownFileType = text.plist.xml; path = "Study EspañolTests-Info.plist"; sourceTree = "<group>"; };
		20D9E27518EA705600127FBA /* en */ = {isa = PBXFileReference; lastKnownFileType = text.plist.strings; name = en; path = en.lproj/InfoPlist.strings; sourceTree = "<group>"; };
		20D9E27718EA705600127FBA /* Study_Espan_olTests.m */ = {isa = PBXFileReference; lastKnownFileType = sourcecode.c.objc; path = Study_Espan_olTests.m; sourceTree = "<group>"; };
		20D9E29918EA729300127FBA /* Switch.h */ = {isa = PBXFileReference; fileEncoding = 4; lastKnownFileType = sourcecode.c.h; path = Switch.h; sourceTree = "<group>"; };
		20D9E29A18EA729300127FBA /* Switch.m */ = {isa = PBXFileReference; fileEncoding = 4; lastKnownFileType = sourcecode.c.objc; path = Switch.m; sourceTree = "<group>"; };
		20D9E29F18EA72BB00127FBA /* Button.h */ = {isa = PBXFileReference; fileEncoding = 4; lastKnownFileType = sourcecode.c.h; path = Button.h; sourceTree = "<group>"; };
		20D9E2A018EA72BB00127FBA /* Button.m */ = {isa = PBXFileReference; fileEncoding = 4; lastKnownFileType = sourcecode.c.objc; path = Button.m; sourceTree = "<group>"; };
		20D9E2A818EA72EA00127FBA /* BaseView.h */ = {isa = PBXFileReference; fileEncoding = 4; lastKnownFileType = sourcecode.c.h; path = BaseView.h; sourceTree = "<group>"; };
		20D9E2A918EA72EA00127FBA /* BaseView.m */ = {isa = PBXFileReference; fileEncoding = 4; lastKnownFileType = sourcecode.c.objc; path = BaseView.m; sourceTree = "<group>"; };
		20D9E2AB18EA72FC00127FBA /* Utilities.h */ = {isa = PBXFileReference; fileEncoding = 4; lastKnownFileType = sourcecode.c.h; path = Utilities.h; sourceTree = "<group>"; };
		20D9E2AC18EA72FC00127FBA /* Utilities.m */ = {isa = PBXFileReference; fileEncoding = 4; lastKnownFileType = sourcecode.c.objc; path = Utilities.m; sourceTree = "<group>"; };
		20D9E2AE18EA730800127FBA /* Database.h */ = {isa = PBXFileReference; fileEncoding = 4; lastKnownFileType = sourcecode.c.h; path = Database.h; sourceTree = "<group>"; };
		20D9E2AF18EA730800127FBA /* Database.m */ = {isa = PBXFileReference; fileEncoding = 4; lastKnownFileType = sourcecode.c.objc; path = Database.m; sourceTree = "<group>"; };
		20D9E2B418EA732100127FBA /* ConjugationView.h */ = {isa = PBXFileReference; fileEncoding = 4; lastKnownFileType = sourcecode.c.h; path = ConjugationView.h; sourceTree = "<group>"; };
		20D9E2B518EA732100127FBA /* ConjugationView.m */ = {isa = PBXFileReference; fileEncoding = 4; lastKnownFileType = sourcecode.c.objc; path = ConjugationView.m; sourceTree = "<group>"; };
		20D9E2B718EA733000127FBA /* ViewWord.h */ = {isa = PBXFileReference; fileEncoding = 4; lastKnownFileType = sourcecode.c.h; path = ViewWord.h; sourceTree = "<group>"; };
		20D9E2B818EA733000127FBA /* ViewWord.m */ = {isa = PBXFileReference; fileEncoding = 4; lastKnownFileType = sourcecode.c.objc; path = ViewWord.m; sourceTree = "<group>"; };
		20D9E2BB18EA734C00127FBA /* Words.xcdatamodel */ = {isa = PBXFileReference; lastKnownFileType = wrapper.xcdatamodel; path = Words.xcdatamodel; sourceTree = "<group>"; };
		20D9E2C018EA76EF00127FBA /* Tag.h */ = {isa = PBXFileReference; fileEncoding = 4; lastKnownFileType = sourcecode.c.h; path = Tag.h; sourceTree = "<group>"; };
		20D9E2C118EA76EF00127FBA /* Tag.m */ = {isa = PBXFileReference; fileEncoding = 4; lastKnownFileType = sourcecode.c.objc; path = Tag.m; sourceTree = "<group>"; };
		20D9E2C318EA76EF00127FBA /* Conjugation.h */ = {isa = PBXFileReference; fileEncoding = 4; lastKnownFileType = sourcecode.c.h; path = Conjugation.h; sourceTree = "<group>"; };
		20D9E2C418EA76EF00127FBA /* Conjugation.m */ = {isa = PBXFileReference; fileEncoding = 4; lastKnownFileType = sourcecode.c.objc; path = Conjugation.m; sourceTree = "<group>"; };
		20D9E2C618EA76EF00127FBA /* Word.h */ = {isa = PBXFileReference; fileEncoding = 4; lastKnownFileType = sourcecode.c.h; path = Word.h; sourceTree = "<group>"; };
		20D9E2C718EA76EF00127FBA /* Word.m */ = {isa = PBXFileReference; fileEncoding = 4; lastKnownFileType = sourcecode.c.objc; path = Word.m; sourceTree = "<group>"; };
		20D9E2C918EA771E00127FBA /* Home.h */ = {isa = PBXFileReference; fileEncoding = 4; lastKnownFileType = sourcecode.c.h; path = Home.h; sourceTree = "<group>"; };
		20D9E2CA18EA771E00127FBA /* Home.m */ = {isa = PBXFileReference; fileEncoding = 4; lastKnownFileType = sourcecode.c.objc; path = Home.m; sourceTree = "<group>"; };
		20D9E2CC18EA772F00127FBA /* AddEditView.h */ = {isa = PBXFileReference; fileEncoding = 4; lastKnownFileType = sourcecode.c.h; path = AddEditView.h; sourceTree = "<group>"; };
		20D9E2CD18EA772F00127FBA /* AddEditView.m */ = {isa = PBXFileReference; fileEncoding = 4; lastKnownFileType = sourcecode.c.objc; path = AddEditView.m; sourceTree = "<group>"; };
		20D9E2CF18EA773A00127FBA /* WordList.h */ = {isa = PBXFileReference; fileEncoding = 4; lastKnownFileType = sourcecode.c.h; path = WordList.h; sourceTree = "<group>"; };
		20D9E2D018EA773A00127FBA /* WordList.m */ = {isa = PBXFileReference; fileEncoding = 4; lastKnownFileType = sourcecode.c.objc; path = WordList.m; sourceTree = "<group>"; };
		20D9E2D218EA774700127FBA /* QuizVocab.h */ = {isa = PBXFileReference; fileEncoding = 4; lastKnownFileType = sourcecode.c.h; path = QuizVocab.h; sourceTree = "<group>"; };
		20D9E2D318EA774700127FBA /* QuizVocab.m */ = {isa = PBXFileReference; fileEncoding = 4; lastKnownFileType = sourcecode.c.objc; path = QuizVocab.m; sourceTree = "<group>"; };
		20D9E2D518EA775100127FBA /* QuizConjugation.h */ = {isa = PBXFileReference; fileEncoding = 4; lastKnownFileType = sourcecode.c.h; path = QuizConjugation.h; sourceTree = "<group>"; };
		20D9E2D618EA775100127FBA /* QuizConjugation.m */ = {isa = PBXFileReference; fileEncoding = 4; lastKnownFileType = sourcecode.c.objc; path = QuizConjugation.m; sourceTree = "<group>"; };
		20D9E2D818EA775E00127FBA /* QuizAnswer.h */ = {isa = PBXFileReference; fileEncoding = 4; lastKnownFileType = sourcecode.c.h; path = QuizAnswer.h; sourceTree = "<group>"; };
		20D9E2D918EA775E00127FBA /* QuizAnswer.m */ = {isa = PBXFileReference; fileEncoding = 4; lastKnownFileType = sourcecode.c.objc; path = QuizAnswer.m; sourceTree = "<group>"; };
		20D9E2DB18EA776A00127FBA /* FlashCards.h */ = {isa = PBXFileReference; fileEncoding = 4; lastKnownFileType = sourcecode.c.h; path = FlashCards.h; sourceTree = "<group>"; };
		20D9E2DC18EA776A00127FBA /* FlashCards.m */ = {isa = PBXFileReference; fileEncoding = 4; lastKnownFileType = sourcecode.c.objc; path = FlashCards.m; sourceTree = "<group>"; };
		20D9E2DE18EA833200127FBA /* TextView.h */ = {isa = PBXFileReference; fileEncoding = 4; lastKnownFileType = sourcecode.c.h; path = TextView.h; sourceTree = "<group>"; };
		20D9E2DF18EA833200127FBA /* TextView.m */ = {isa = PBXFileReference; fileEncoding = 4; lastKnownFileType = sourcecode.c.objc; path = TextView.m; sourceTree = "<group>"; };
		20FE9503194291880019F28F /* WordSectionView.h */ = {isa = PBXFileReference; fileEncoding = 4; lastKnownFileType = sourcecode.c.h; path = WordSectionView.h; sourceTree = "<group>"; };
		20FE9504194291880019F28F /* WordSectionView.m */ = {isa = PBXFileReference; fileEncoding = 4; lastKnownFileType = sourcecode.c.objc; path = WordSectionView.m; sourceTree = "<group>"; };
		20FE9509194293770019F28F /* WordTagSectionView.h */ = {isa = PBXFileReference; fileEncoding = 4; lastKnownFileType = sourcecode.c.h; path = WordTagSectionView.h; sourceTree = "<group>"; };
		20FE950A194293770019F28F /* WordTagSectionView.m */ = {isa = PBXFileReference; fileEncoding = 4; lastKnownFileType = sourcecode.c.objc; path = WordTagSectionView.m; sourceTree = "<group>"; };
		20FE950C194293900019F28F /* ConjugationTypeSectionView.h */ = {isa = PBXFileReference; fileEncoding = 4; lastKnownFileType = sourcecode.c.h; path = ConjugationTypeSectionView.h; sourceTree = "<group>"; };
		20FE950D194293900019F28F /* ConjugationTypeSectionView.m */ = {isa = PBXFileReference; fileEncoding = 4; lastKnownFileType = sourcecode.c.objc; path = ConjugationTypeSectionView.m; sourceTree = "<group>"; };
		20FE950F194293A20019F28F /* VerbTypeSectionView.h */ = {isa = PBXFileReference; fileEncoding = 4; lastKnownFileType = sourcecode.c.h; path = VerbTypeSectionView.h; sourceTree = "<group>"; };
		20FE9510194293A20019F28F /* VerbTypeSectionView.m */ = {isa = PBXFileReference; fileEncoding = 4; lastKnownFileType = sourcecode.c.objc; path = VerbTypeSectionView.m; sourceTree = "<group>"; };
		20FE9512194293B20019F28F /* WordTypeSectionView.h */ = {isa = PBXFileReference; fileEncoding = 4; lastKnownFileType = sourcecode.c.h; path = WordTypeSectionView.h; sourceTree = "<group>"; };
		20FE9513194293B20019F28F /* WordTypeSectionView.m */ = {isa = PBXFileReference; fileEncoding = 4; lastKnownFileType = sourcecode.c.objc; path = WordTypeSectionView.m; sourceTree = "<group>"; };
		20FE951B1942967B0019F28F /* MiscSectionView.h */ = {isa = PBXFileReference; fileEncoding = 4; lastKnownFileType = sourcecode.c.h; path = MiscSectionView.h; sourceTree = "<group>"; };
		20FE951C1942967B0019F28F /* MiscSectionView.m */ = {isa = PBXFileReference; fileEncoding = 4; lastKnownFileType = sourcecode.c.objc; path = MiscSectionView.m; sourceTree = "<group>"; };
/* End PBXFileReference section */

/* Begin PBXFrameworksBuildPhase section */
		20D9E24618EA705500127FBA /* Frameworks */ = {
			isa = PBXFrameworksBuildPhase;
			buildActionMask = 2147483647;
			files = (
				20D9E24F18EA705500127FBA /* CoreGraphics.framework in Frameworks */,
				20D9E25318EA705500127FBA /* CoreData.framework in Frameworks */,
				20D9E25118EA705500127FBA /* UIKit.framework in Frameworks */,
				20D9E24D18EA705500127FBA /* Foundation.framework in Frameworks */,
			);
			runOnlyForDeploymentPostprocessing = 0;
		};
		20D9E26618EA705500127FBA /* Frameworks */ = {
			isa = PBXFrameworksBuildPhase;
			buildActionMask = 2147483647;
			files = (
				20D9E26B18EA705500127FBA /* XCTest.framework in Frameworks */,
				20D9E26E18EA705600127FBA /* CoreData.framework in Frameworks */,
				20D9E26D18EA705600127FBA /* UIKit.framework in Frameworks */,
				20D9E26C18EA705500127FBA /* Foundation.framework in Frameworks */,
			);
			runOnlyForDeploymentPostprocessing = 0;
		};
/* End PBXFrameworksBuildPhase section */

/* Begin PBXGroup section */
		2031F25219047F2000305A46 /* Sections */ = {
			isa = PBXGroup;
			children = (
				20FE9512194293B20019F28F /* WordTypeSectionView.h */,
				20FE9513194293B20019F28F /* WordTypeSectionView.m */,
				20FE950F194293A20019F28F /* VerbTypeSectionView.h */,
				20FE9510194293A20019F28F /* VerbTypeSectionView.m */,
				20FE950C194293900019F28F /* ConjugationTypeSectionView.h */,
				20FE950D194293900019F28F /* ConjugationTypeSectionView.m */,
				20FE9509194293770019F28F /* WordTagSectionView.h */,
				20FE950A194293770019F28F /* WordTagSectionView.m */,
				20FE951B1942967B0019F28F /* MiscSectionView.h */,
				20FE951C1942967B0019F28F /* MiscSectionView.m */,
				20FE9503194291880019F28F /* WordSectionView.h */,
				20FE9504194291880019F28F /* WordSectionView.m */,
			);
			name = Sections;
			sourceTree = "<group>";
		};
		204AA955190F7467000A0D1F /* Cells */ = {
			isa = PBXGroup;
			children = (
				204AA956190F74A0000A0D1F /* WordListCell.h */,
				204AA957190F74A0000A0D1F /* WordListCell.m */,
				204AA959190F74B6000A0D1F /* QuizVocabCell.h */,
				204AA95A190F74B6000A0D1F /* QuizVocabCell.m */,
				204AA95C190F74CA000A0D1F /* QuizAnswerCell.h */,
				204AA95D190F74CA000A0D1F /* QuizAnswerCell.m */,
				209C7A86192E9C1000C06E21 /* ConjugationWordViewCell.h */,
				209C7A87192E9C1000C06E21 /* ConjugationWordViewCell.m */,
			);
			name = Cells;
			sourceTree = "<group>";
		};
		208222D51981E3C400FE13FC /* Images */ = {
			isa = PBXGroup;
			children = (
				208222D61981E3D800FE13FC /* helpButton.png */,
			);
			name = Images;
			sourceTree = "<group>";
		};
		20D9E24018EA705500127FBA = {
			isa = PBXGroup;
			children = (
				20D9E25418EA705500127FBA /* Study Español */,
				20D9E27118EA705600127FBA /* Study EspañolTests */,
				20D9E24B18EA705500127FBA /* Frameworks */,
				20D9E24A18EA705500127FBA /* Products */,
			);
			sourceTree = "<group>";
		};
		20D9E24A18EA705500127FBA /* Products */ = {
			isa = PBXGroup;
			children = (
				20D9E24918EA705500127FBA /* Study Español.app */,
				20D9E26918EA705500127FBA /* Study EspañolTests.xctest */,
			);
			name = Products;
			sourceTree = "<group>";
		};
		20D9E24B18EA705500127FBA /* Frameworks */ = {
			isa = PBXGroup;
			children = (
				20D9E24C18EA705500127FBA /* Foundation.framework */,
				20D9E24E18EA705500127FBA /* CoreGraphics.framework */,
				20D9E25018EA705500127FBA /* UIKit.framework */,
				20D9E25218EA705500127FBA /* CoreData.framework */,
				20D9E26A18EA705500127FBA /* XCTest.framework */,
			);
			name = Frameworks;
			sourceTree = "<group>";
		};
		20D9E25418EA705500127FBA /* Study Español */ = {
			isa = PBXGroup;
			children = (
				208222D51981E3C400FE13FC /* Images */,
				209D625018EE661C00CA5EF0 /* Storyboard_iPad.storyboard */,
				209D625118EE661C00CA5EF0 /* Storyboard_iPhone.storyboard */,
				20D9E28318EA707100127FBA /* Views */,
				20D9E28218EA706B00127FBA /* Foundation */,
				20D9E28118EA706300127FBA /* Core Data */,
				20D9E25D18EA705500127FBA /* AppDelegate.h */,
				20D9E25E18EA705500127FBA /* AppDelegate.m */,
				20D9E26318EA705500127FBA /* Images.xcassets */,
				20D9E25518EA705500127FBA /* Supporting Files */,
			);
			path = "Study Español";
			sourceTree = "<group>";
		};
		20D9E25518EA705500127FBA /* Supporting Files */ = {
			isa = PBXGroup;
			children = (
				20D9E25618EA705500127FBA /* Study Español-Info.plist */,
				20D9E25718EA705500127FBA /* InfoPlist.strings */,
				20D9E25A18EA705500127FBA /* main.m */,
				20D9E25C18EA705500127FBA /* Study Español-Prefix.pch */,
			);
			name = "Supporting Files";
			sourceTree = "<group>";
		};
		20D9E27118EA705600127FBA /* Study EspañolTests */ = {
			isa = PBXGroup;
			children = (
				20D9E27718EA705600127FBA /* Study_Espan_olTests.m */,
				20D9E27218EA705600127FBA /* Supporting Files */,
			);
			path = "Study EspañolTests";
			sourceTree = "<group>";
		};
		20D9E27218EA705600127FBA /* Supporting Files */ = {
			isa = PBXGroup;
			children = (
				20D9E27318EA705600127FBA /* Study EspañolTests-Info.plist */,
				20D9E27418EA705600127FBA /* InfoPlist.strings */,
			);
			name = "Supporting Files";
			sourceTree = "<group>";
		};
		20D9E28118EA706300127FBA /* Core Data */ = {
			isa = PBXGroup;
			children = (
				20D9E2BA18EA734C00127FBA /* Words.xcdatamodeld */,
				20D9E2C618EA76EF00127FBA /* Word.h */,
				20D9E2C718EA76EF00127FBA /* Word.m */,
				20D9E2C318EA76EF00127FBA /* Conjugation.h */,
				20D9E2C418EA76EF00127FBA /* Conjugation.m */,
				20D9E2C018EA76EF00127FBA /* Tag.h */,
				20D9E2C118EA76EF00127FBA /* Tag.m */,
			);
			name = "Core Data";
			sourceTree = "<group>";
		};
		20D9E28218EA706B00127FBA /* Foundation */ = {
			isa = PBXGroup;
			children = (
				20D9E29918EA729300127FBA /* Switch.h */,
				20D9E29A18EA729300127FBA /* Switch.m */,
				20A2324919299F01007819F4 /* SwitchController.h */,
				20A2324A19299F01007819F4 /* SwitchController.m */,
				20D9E29F18EA72BB00127FBA /* Button.h */,
				20D9E2A018EA72BB00127FBA /* Button.m */,
				20D9E2DE18EA833200127FBA /* TextView.h */,
				20D9E2DF18EA833200127FBA /* TextView.m */,
				20D9E2A818EA72EA00127FBA /* BaseView.h */,
				20D9E2A918EA72EA00127FBA /* BaseView.m */,
				20D9E2AB18EA72FC00127FBA /* Utilities.h */,
				20D9E2AC18EA72FC00127FBA /* Utilities.m */,
				20D9E2AE18EA730800127FBA /* Database.h */,
				20D9E2AF18EA730800127FBA /* Database.m */,
			);
			name = Foundation;
			sourceTree = "<group>";
		};
		20D9E28318EA707100127FBA /* Views */ = {
			isa = PBXGroup;
			children = (
				20FBAB861912FE9800BB297B /* SubViews */,
				2031F25219047F2000305A46 /* Sections */,
				204AA955190F7467000A0D1F /* Cells */,
				20D9E2C918EA771E00127FBA /* Home.h */,
				20D9E2CA18EA771E00127FBA /* Home.m */,
				20D9E2CC18EA772F00127FBA /* AddEditView.h */,
				20D9E2CD18EA772F00127FBA /* AddEditView.m */,
				20D9E2CF18EA773A00127FBA /* WordList.h */,
				20D9E2D018EA773A00127FBA /* WordList.m */,
				20D9E2D218EA774700127FBA /* QuizVocab.h */,
				20D9E2D318EA774700127FBA /* QuizVocab.m */,
				20D9E2D518EA775100127FBA /* QuizConjugation.h */,
				20D9E2D618EA775100127FBA /* QuizConjugation.m */,
				20D9E2D818EA775E00127FBA /* QuizAnswer.h */,
				20D9E2D918EA775E00127FBA /* QuizAnswer.m */,
				20D9E2DB18EA776A00127FBA /* FlashCards.h */,
				20D9E2DC18EA776A00127FBA /* FlashCards.m */,
			);
			name = Views;
			sourceTree = "<group>";
		};
		20FBAB861912FE9800BB297B /* SubViews */ = {
			isa = PBXGroup;
			children = (
				209C38F418F1D13400DA6F78 /* SearchView.h */,
				209C38F518F1D13400DA6F78 /* SearchView.m */,
				20D9E2B418EA732100127FBA /* ConjugationView.h */,
				20D9E2B518EA732100127FBA /* ConjugationView.m */,
				20D9E2B718EA733000127FBA /* ViewWord.h */,
				20D9E2B818EA733000127FBA /* ViewWord.m */,
			);
			name = SubViews;
			sourceTree = "<group>";
		};
/* End PBXGroup section */

/* Begin PBXNativeTarget section */
		20D9E24818EA705500127FBA /* Study Español */ = {
			isa = PBXNativeTarget;
			buildConfigurationList = 20D9E27B18EA705600127FBA /* Build configuration list for PBXNativeTarget "Study Español" */;
			buildPhases = (
				20D9E24518EA705500127FBA /* Sources */,
				20D9E24618EA705500127FBA /* Frameworks */,
				20D9E24718EA705500127FBA /* Resources */,
			);
			buildRules = (
			);
			dependencies = (
			);
			name = "Study Español";
			productName = "Study Español";
			productReference = 20D9E24918EA705500127FBA /* Study Español.app */;
			productType = "com.apple.product-type.application";
		};
		20D9E26818EA705500127FBA /* Study EspañolTests */ = {
			isa = PBXNativeTarget;
			buildConfigurationList = 20D9E27E18EA705600127FBA /* Build configuration list for PBXNativeTarget "Study EspañolTests" */;
			buildPhases = (
				20D9E26518EA705500127FBA /* Sources */,
				20D9E26618EA705500127FBA /* Frameworks */,
				20D9E26718EA705500127FBA /* Resources */,
			);
			buildRules = (
			);
			dependencies = (
				20D9E27018EA705600127FBA /* PBXTargetDependency */,
			);
			name = "Study EspañolTests";
			productName = "Study EspañolTests";
			productReference = 20D9E26918EA705500127FBA /* Study EspañolTests.xctest */;
			productType = "com.apple.product-type.bundle.unit-test";
		};
/* End PBXNativeTarget section */

/* Begin PBXProject section */
		20D9E24118EA705500127FBA /* Project object */ = {
			isa = PBXProject;
			attributes = {
				LastUpgradeCheck = 0510;
				ORGANIZATIONNAME = "Evan Combs";
				TargetAttributes = {
					20D9E24818EA705500127FBA = {
						DevelopmentTeam = N56A4M38NL;
					};
					20D9E26818EA705500127FBA = {
						TestTargetID = 20D9E24818EA705500127FBA;
					};
				};
			};
			buildConfigurationList = 20D9E24418EA705500127FBA /* Build configuration list for PBXProject "Study Español" */;
			compatibilityVersion = "Xcode 3.2";
			developmentRegion = English;
			hasScannedForEncodings = 0;
			knownRegions = (
				en,
				Base,
			);
			mainGroup = 20D9E24018EA705500127FBA;
			productRefGroup = 20D9E24A18EA705500127FBA /* Products */;
			projectDirPath = "";
			projectRoot = "";
			targets = (
				20D9E24818EA705500127FBA /* Study Español */,
				20D9E26818EA705500127FBA /* Study EspañolTests */,
			);
		};
/* End PBXProject section */

/* Begin PBXResourcesBuildPhase section */
		20D9E24718EA705500127FBA /* Resources */ = {
			isa = PBXResourcesBuildPhase;
			buildActionMask = 2147483647;
			files = (
				20D9E25918EA705500127FBA /* InfoPlist.strings in Resources */,
				20D9E26418EA705500127FBA /* Images.xcassets in Resources */,
				209D625318EE661C00CA5EF0 /* Storyboard_iPhone.storyboard in Resources */,
				208222D71981E3D800FE13FC /* helpButton.png in Resources */,
				209D625218EE661C00CA5EF0 /* Storyboard_iPad.storyboard in Resources */,
			);
			runOnlyForDeploymentPostprocessing = 0;
		};
		20D9E26718EA705500127FBA /* Resources */ = {
			isa = PBXResourcesBuildPhase;
			buildActionMask = 2147483647;
			files = (
				20D9E27618EA705600127FBA /* InfoPlist.strings in Resources */,
			);
			runOnlyForDeploymentPostprocessing = 0;
		};
/* End PBXResourcesBuildPhase section */

/* Begin PBXSourcesBuildPhase section */
		20D9E24518EA705500127FBA /* Sources */ = {
			isa = PBXSourcesBuildPhase;
			buildActionMask = 2147483647;
			files = (
				20D9E2C218EA76EF00127FBA /* Tag.m in Sources */,
				20D9E2B618EA732100127FBA /* ConjugationView.m in Sources */,
				20FE9514194293B20019F28F /* WordTypeSectionView.m in Sources */,
				20A2324B19299F01007819F4 /* SwitchController.m in Sources */,
				204AA958190F74A0000A0D1F /* WordListCell.m in Sources */,
				20D9E2DD18EA776A00127FBA /* FlashCards.m in Sources */,
				20FE950E194293900019F28F /* ConjugationTypeSectionView.m in Sources */,
				20D9E25F18EA705500127FBA /* AppDelegate.m in Sources */,
				20D9E29B18EA729300127FBA /* Switch.m in Sources */,
				20D9E2C818EA76EF00127FBA /* Word.m in Sources */,
				20D9E2B918EA733000127FBA /* ViewWord.m in Sources */,
				20D9E2CE18EA772F00127FBA /* AddEditView.m in Sources */,
				20FE9511194293A20019F28F /* VerbTypeSectionView.m in Sources */,
				20D9E2CB18EA771E00127FBA /* Home.m in Sources */,
				20D9E25B18EA705500127FBA /* main.m in Sources */,
				204AA95B190F74B6000A0D1F /* QuizVocabCell.m in Sources */,
				209C38F618F1D13400DA6F78 /* SearchView.m in Sources */,
				20D9E2BC18EA734C00127FBA /* Words.xcdatamodeld in Sources */,
				20D9E2A118EA72BB00127FBA /* Button.m in Sources */,
				20D9E2AA18EA72EA00127FBA /* BaseView.m in Sources */,
				20D9E2C518EA76EF00127FBA /* Conjugation.m in Sources */,
				204AA95E190F74CA000A0D1F /* QuizAnswerCell.m in Sources */,
				20FE9505194291880019F28F /* WordSectionView.m in Sources */,
				20D9E2D118EA773A00127FBA /* WordList.m in Sources */,
				20FE950B194293770019F28F /* WordTagSectionView.m in Sources */,
				20D9E2D718EA775100127FBA /* QuizConjugation.m in Sources */,
				20FE951D1942967B0019F28F /* MiscSectionView.m in Sources */,
				20D9E2AD18EA72FC00127FBA /* Utilities.m in Sources */,
				20D9E2DA18EA775E00127FBA /* QuizAnswer.m in Sources */,
				20D9E2E018EA833200127FBA /* TextView.m in Sources */,
				20D9E2B018EA730800127FBA /* Database.m in Sources */,
				20D9E2D418EA774700127FBA /* QuizVocab.m in Sources */,
				209C7A88192E9C1000C06E21 /* ConjugationWordViewCell.m in Sources */,
			);
			runOnlyForDeploymentPostprocessing = 0;
		};
		20D9E26518EA705500127FBA /* Sources */ = {
			isa = PBXSourcesBuildPhase;
			buildActionMask = 2147483647;
			files = (
				20D9E27818EA705600127FBA /* Study_Espan_olTests.m in Sources */,
			);
			runOnlyForDeploymentPostprocessing = 0;
		};
/* End PBXSourcesBuildPhase section */

/* Begin PBXTargetDependency section */
		20D9E27018EA705600127FBA /* PBXTargetDependency */ = {
			isa = PBXTargetDependency;
			target = 20D9E24818EA705500127FBA /* Study Español */;
			targetProxy = 20D9E26F18EA705600127FBA /* PBXContainerItemProxy */;
		};
/* End PBXTargetDependency section */

/* Begin PBXVariantGroup section */
		20D9E25718EA705500127FBA /* InfoPlist.strings */ = {
			isa = PBXVariantGroup;
			children = (
				20D9E25818EA705500127FBA /* en */,
			);
			name = InfoPlist.strings;
			sourceTree = "<group>";
		};
		20D9E27418EA705600127FBA /* InfoPlist.strings */ = {
			isa = PBXVariantGroup;
			children = (
				20D9E27518EA705600127FBA /* en */,
			);
			name = InfoPlist.strings;
			sourceTree = "<group>";
		};
/* End PBXVariantGroup section */

/* Begin XCBuildConfiguration section */
		20D9E27918EA705600127FBA /* Debug */ = {
			isa = XCBuildConfiguration;
			buildSettings = {
				ALWAYS_SEARCH_USER_PATHS = NO;
				CLANG_CXX_LANGUAGE_STANDARD = "gnu++0x";
				CLANG_CXX_LIBRARY = "libc++";
				CLANG_ENABLE_MODULES = YES;
				CLANG_ENABLE_OBJC_ARC = YES;
				CLANG_WARN_BOOL_CONVERSION = YES;
				CLANG_WARN_CONSTANT_CONVERSION = YES;
				CLANG_WARN_DIRECT_OBJC_ISA_USAGE = YES_ERROR;
				CLANG_WARN_EMPTY_BODY = YES;
				CLANG_WARN_ENUM_CONVERSION = YES;
				CLANG_WARN_INT_CONVERSION = YES;
				CLANG_WARN_OBJC_ROOT_CLASS = YES_ERROR;
				CLANG_WARN__DUPLICATE_METHOD_MATCH = YES;
				"CODE_SIGN_IDENTITY[sdk=iphoneos*]" = "iPhone Developer";
				COPY_PHASE_STRIP = NO;
				GCC_C_LANGUAGE_STANDARD = gnu99;
				GCC_DYNAMIC_NO_PIC = NO;
				GCC_OPTIMIZATION_LEVEL = 0;
				GCC_PREPROCESSOR_DEFINITIONS = (
					"DEBUG=1",
					"$(inherited)",
				);
				GCC_SYMBOLS_PRIVATE_EXTERN = NO;
				GCC_WARN_64_TO_32_BIT_CONVERSION = YES;
				GCC_WARN_ABOUT_RETURN_TYPE = YES_ERROR;
				GCC_WARN_UNDECLARED_SELECTOR = YES;
				GCC_WARN_UNINITIALIZED_AUTOS = YES_AGGRESSIVE;
				GCC_WARN_UNUSED_FUNCTION = YES;
				GCC_WARN_UNUSED_VARIABLE = YES;
				IPHONEOS_DEPLOYMENT_TARGET = 7.1;
				ONLY_ACTIVE_ARCH = YES;
				SDKROOT = iphoneos;
				TARGETED_DEVICE_FAMILY = "1,2";
			};
			name = Debug;
		};
		20D9E27A18EA705600127FBA /* Release */ = {
			isa = XCBuildConfiguration;
			buildSettings = {
				ALWAYS_SEARCH_USER_PATHS = NO;
				CLANG_CXX_LANGUAGE_STANDARD = "gnu++0x";
				CLANG_CXX_LIBRARY = "libc++";
				CLANG_ENABLE_MODULES = YES;
				CLANG_ENABLE_OBJC_ARC = YES;
				CLANG_WARN_BOOL_CONVERSION = YES;
				CLANG_WARN_CONSTANT_CONVERSION = YES;
				CLANG_WARN_DIRECT_OBJC_ISA_USAGE = YES_ERROR;
				CLANG_WARN_EMPTY_BODY = YES;
				CLANG_WARN_ENUM_CONVERSION = YES;
				CLANG_WARN_INT_CONVERSION = YES;
				CLANG_WARN_OBJC_ROOT_CLASS = YES_ERROR;
				CLANG_WARN__DUPLICATE_METHOD_MATCH = YES;
				"CODE_SIGN_IDENTITY[sdk=iphoneos*]" = "iPhone Developer";
				COPY_PHASE_STRIP = YES;
				ENABLE_NS_ASSERTIONS = NO;
				GCC_C_LANGUAGE_STANDARD = gnu99;
				GCC_WARN_64_TO_32_BIT_CONVERSION = YES;
				GCC_WARN_ABOUT_RETURN_TYPE = YES_ERROR;
				GCC_WARN_UNDECLARED_SELECTOR = YES;
				GCC_WARN_UNINITIALIZED_AUTOS = YES_AGGRESSIVE;
				GCC_WARN_UNUSED_FUNCTION = YES;
				GCC_WARN_UNUSED_VARIABLE = YES;
				IPHONEOS_DEPLOYMENT_TARGET = 7.1;
				SDKROOT = iphoneos;
				TARGETED_DEVICE_FAMILY = "1,2";
				VALIDATE_PRODUCT = YES;
			};
			name = Release;
		};
		20D9E27C18EA705600127FBA /* Debug */ = {
			isa = XCBuildConfiguration;
			buildSettings = {
				ASSETCATALOG_COMPILER_APPICON_NAME = AppIcon;
				ASSETCATALOG_COMPILER_LAUNCHIMAGE_NAME = LaunchImage;
				CODE_SIGN_IDENTITY = "iPhone Developer";
				"CODE_SIGN_IDENTITY[sdk=iphoneos*]" = "iPhone Developer";
				GCC_PRECOMPILE_PREFIX_HEADER = YES;
				GCC_PREFIX_HEADER = "Study Español/Study Español-Prefix.pch";
				INFOPLIST_FILE = "Study Español/Study Español-Info.plist";
				PRODUCT_NAME = "$(TARGET_NAME)";
				PROVISIONING_PROFILE = "";
				WRAPPER_EXTENSION = app;
			};
			name = Debug;
		};
		20D9E27D18EA705600127FBA /* Release */ = {
			isa = XCBuildConfiguration;
			buildSettings = {
				ASSETCATALOG_COMPILER_APPICON_NAME = AppIcon;
				ASSETCATALOG_COMPILER_LAUNCHIMAGE_NAME = LaunchImage;
				CODE_SIGN_IDENTITY = "iPhone Developer";
				"CODE_SIGN_IDENTITY[sdk=iphoneos*]" = "iPhone Developer";
				GCC_PRECOMPILE_PREFIX_HEADER = YES;
				GCC_PREFIX_HEADER = "Study Español/Study Español-Prefix.pch";
				INFOPLIST_FILE = "Study Español/Study Español-Info.plist";
				PRODUCT_NAME = "$(TARGET_NAME)";
				PROVISIONING_PROFILE = "";
				WRAPPER_EXTENSION = app;
			};
			name = Release;
		};
		20D9E27F18EA705600127FBA /* Debug */ = {
			isa = XCBuildConfiguration;
			buildSettings = {
				BUNDLE_LOADER = "$(BUILT_PRODUCTS_DIR)/Study Español.app/Study Español";
				FRAMEWORK_SEARCH_PATHS = (
					"$(SDKROOT)/Developer/Library/Frameworks",
					"$(inherited)",
					"$(DEVELOPER_FRAMEWORKS_DIR)",
				);
				GCC_PRECOMPILE_PREFIX_HEADER = YES;
				GCC_PREFIX_HEADER = "Study Español/Study Español-Prefix.pch";
				GCC_PREPROCESSOR_DEFINITIONS = (
					"DEBUG=1",
					"$(inherited)",
				);
				INFOPLIST_FILE = "Study EspañolTests/Study EspañolTests-Info.plist";
				PRODUCT_NAME = "$(TARGET_NAME)";
				TEST_HOST = "$(BUNDLE_LOADER)";
				WRAPPER_EXTENSION = xctest;
			};
			name = Debug;
		};
		20D9E28018EA705600127FBA /* Release */ = {
			isa = XCBuildConfiguration;
			buildSettings = {
				BUNDLE_LOADER = "$(BUILT_PRODUCTS_DIR)/Study Español.app/Study Español";
				FRAMEWORK_SEARCH_PATHS = (
					"$(SDKROOT)/Developer/Library/Frameworks",
					"$(inherited)",
					"$(DEVELOPER_FRAMEWORKS_DIR)",
				);
				GCC_PRECOMPILE_PREFIX_HEADER = YES;
				GCC_PREFIX_HEADER = "Study Español/Study Español-Prefix.pch";
				INFOPLIST_FILE = "Study EspañolTests/Study EspañolTests-Info.plist";
				PRODUCT_NAME = "$(TARGET_NAME)";
				TEST_HOST = "$(BUNDLE_LOADER)";
				WRAPPER_EXTENSION = xctest;
			};
			name = Release;
		};
/* End XCBuildConfiguration section */

/* Begin XCConfigurationList section */
		20D9E24418EA705500127FBA /* Build configuration list for PBXProject "Study Español" */ = {
			isa = XCConfigurationList;
			buildConfigurations = (
				20D9E27918EA705600127FBA /* Debug */,
				20D9E27A18EA705600127FBA /* Release */,
			);
			defaultConfigurationIsVisible = 0;
			defaultConfigurationName = Release;
		};
		20D9E27B18EA705600127FBA /* Build configuration list for PBXNativeTarget "Study Español" */ = {
			isa = XCConfigurationList;
			buildConfigurations = (
				20D9E27C18EA705600127FBA /* Debug */,
				20D9E27D18EA705600127FBA /* Release */,
			);
			defaultConfigurationIsVisible = 0;
			defaultConfigurationName = Release;
		};
		20D9E27E18EA705600127FBA /* Build configuration list for PBXNativeTarget "Study EspañolTests" */ = {
			isa = XCConfigurationList;
			buildConfigurations = (
				20D9E27F18EA705600127FBA /* Debug */,
				20D9E28018EA705600127FBA /* Release */,
			);
			defaultConfigurationIsVisible = 0;
			defaultConfigurationName = Release;
		};
/* End XCConfigurationList section */

/* Begin XCVersionGroup section */
		20D9E2BA18EA734C00127FBA /* Words.xcdatamodeld */ = {
			isa = XCVersionGroup;
			children = (
				20D9E2BB18EA734C00127FBA /* Words.xcdatamodel */,
			);
			currentVersion = 20D9E2BB18EA734C00127FBA /* Words.xcdatamodel */;
			path = Words.xcdatamodeld;
			sourceTree = "<group>";
			versionGroupType = wrapper.xcdatamodel;
		};
/* End XCVersionGroup section */
	};
	rootObject = 20D9E24118EA705500127FBA /* Project object */;
}
